// !$*UTF8*$!
{
	archiveVersion = 1;
	classes = {
	};
	objectVersion = 55;
	objects = {

/* Begin PBXBuildFile section */
		6DC5842728C87FC6007680E4 /* AppDelegate.swift in Sources */ = {isa = PBXBuildFile; fileRef = 6DC5842628C87FC6007680E4 /* AppDelegate.swift */; };
		6DC5842928C87FC6007680E4 /* SceneDelegate.swift in Sources */ = {isa = PBXBuildFile; fileRef = 6DC5842828C87FC6007680E4 /* SceneDelegate.swift */; };
		6DC5842B28C87FC6007680E4 /* ViewController.swift in Sources */ = {isa = PBXBuildFile; fileRef = 6DC5842A28C87FC6007680E4 /* ViewController.swift */; };
		6DC5843028C87FC9007680E4 /* Assets.xcassets in Resources */ = {isa = PBXBuildFile; fileRef = 6DC5842F28C87FC9007680E4 /* Assets.xcassets */; };
		6DC5843328C87FC9007680E4 /* LaunchScreen.storyboard in Resources */ = {isa = PBXBuildFile; fileRef = 6DC5843128C87FC9007680E4 /* LaunchScreen.storyboard */; };
		6DC5844028C882C3007680E4 /* CalcService.swift in Sources */ = {isa = PBXBuildFile; fileRef = 6DC5843F28C882C3007680E4 /* CalcService.swift */; };
		6DC5844228C88325007680E4 /* Operations.swift in Sources */ = {isa = PBXBuildFile; fileRef = 6DC5844128C88325007680E4 /* Operations.swift */; };
		6DC5844428C88620007680E4 /* Constants.swift in Sources */ = {isa = PBXBuildFile; fileRef = 6DC5844328C88620007680E4 /* Constants.swift */; };
		6DC5844628C8A523007680E4 /* AppColors.swift in Sources */ = {isa = PBXBuildFile; fileRef = 6DC5844528C8A523007680E4 /* AppColors.swift */; };
/* End PBXBuildFile section */

/* Begin PBXFileReference section */
		6DC5842328C87FC6007680E4 /* yt-calc.app */ = {isa = PBXFileReference; explicitFileType = wrapper.application; includeInIndex = 0; path = "yt-calc.app"; sourceTree = BUILT_PRODUCTS_DIR; };
		6DC5842628C87FC6007680E4 /* AppDelegate.swift */ = {isa = PBXFileReference; lastKnownFileType = sourcecode.swift; path = AppDelegate.swift; sourceTree = "<group>"; };
		6DC5842828C87FC6007680E4 /* SceneDelegate.swift */ = {isa = PBXFileReference; lastKnownFileType = sourcecode.swift; path = SceneDelegate.swift; sourceTree = "<group>"; };
		6DC5842A28C87FC6007680E4 /* ViewController.swift */ = {isa = PBXFileReference; lastKnownFileType = sourcecode.swift; path = ViewController.swift; sourceTree = "<group>"; };
		6DC5842F28C87FC9007680E4 /* Assets.xcassets */ = {isa = PBXFileReference; lastKnownFileType = folder.assetcatalog; path = Assets.xcassets; sourceTree = "<group>"; };
		6DC5843228C87FC9007680E4 /* Base */ = {isa = PBXFileReference; lastKnownFileType = file.storyboard; name = Base; path = Base.lproj/LaunchScreen.storyboard; sourceTree = "<group>"; };
		6DC5843428C87FC9007680E4 /* Info.plist */ = {isa = PBXFileReference; lastKnownFileType = text.plist.xml; path = Info.plist; sourceTree = "<group>"; };
		6DC5843F28C882C3007680E4 /* CalcService.swift */ = {isa = PBXFileReference; lastKnownFileType = sourcecode.swift; path = CalcService.swift; sourceTree = "<group>"; };
		6DC5844128C88325007680E4 /* Operations.swift */ = {isa = PBXFileReference; lastKnownFileType = sourcecode.swift; path = Operations.swift; sourceTree = "<group>"; };
		6DC5844328C88620007680E4 /* Constants.swift */ = {isa = PBXFileReference; lastKnownFileType = sourcecode.swift; path = Constants.swift; sourceTree = "<group>"; };
		6DC5844528C8A523007680E4 /* AppColors.swift */ = {isa = PBXFileReference; lastKnownFileType = sourcecode.swift; path = AppColors.swift; sourceTree = "<group>"; };
/* End PBXFileReference section */

/* Begin PBXFrameworksBuildPhase section */
		6DC5842028C87FC6007680E4 /* Frameworks */ = {
			isa = PBXFrameworksBuildPhase;
			buildActionMask = 2147483647;
			files = (
			);
			runOnlyForDeploymentPostprocessing = 0;
		};
/* End PBXFrameworksBuildPhase section */

/* Begin PBXGroup section */
		6DC5841A28C87FC6007680E4 = {
			isa = PBXGroup;
			children = (
				6DC5842528C87FC6007680E4 /* yt-calc */,
				6DC5842428C87FC6007680E4 /* Products */,
			);
			sourceTree = "<group>";
		};
		6DC5842428C87FC6007680E4 /* Products */ = {
			isa = PBXGroup;
			children = (
				6DC5842328C87FC6007680E4 /* yt-calc.app */,
			);
			name = Products;
			sourceTree = "<group>";
		};
		6DC5842528C87FC6007680E4 /* yt-calc */ = {
			isa = PBXGroup;
			children = (
				6DC5843D28C88262007680E4 /* App */,
				6DC5843B28C88253007680E4 /* Model */,
				6DC5843A28C88249007680E4 /* ViewController */,
				6DC5842F28C87FC9007680E4 /* Assets.xcassets */,
				6DC5843428C87FC9007680E4 /* Info.plist */,
			);
			path = "yt-calc";
			sourceTree = "<group>";
		};
		6DC5843A28C88249007680E4 /* ViewController */ = {
			isa = PBXGroup;
			children = (
				6DC5843E28C88286007680E4 /* MainView */,
				6DC5843128C87FC9007680E4 /* LaunchScreen.storyboard */,
			);
			path = ViewController;
			sourceTree = "<group>";
		};
		6DC5843B28C88253007680E4 /* Model */ = {
			isa = PBXGroup;
			children = (
				6DC5843F28C882C3007680E4 /* CalcService.swift */,
				6DC5844128C88325007680E4 /* Operations.swift */,
				6DC5844328C88620007680E4 /* Constants.swift */,
				6DC5844528C8A523007680E4 /* AppColors.swift */,
			);
			path = Model;
			sourceTree = "<group>";
		};
		6DC5843D28C88262007680E4 /* App */ = {
			isa = PBXGroup;
			children = (
				6DC5842628C87FC6007680E4 /* AppDelegate.swift */,
				6DC5842828C87FC6007680E4 /* SceneDelegate.swift */,
			);
			path = App;
			sourceTree = "<group>";
		};
		6DC5843E28C88286007680E4 /* MainView */ = {
			isa = PBXGroup;
			children = (
				6DC5842A28C87FC6007680E4 /* ViewController.swift */,
			);
			path = MainView;
			sourceTree = "<group>";
		};
/* End PBXGroup section */

/* Begin PBXNativeTarget section */
		6DC5842228C87FC6007680E4 /* yt-calc */ = {
			isa = PBXNativeTarget;
			buildConfigurationList = 6DC5843728C87FC9007680E4 /* Build configuration list for PBXNativeTarget "yt-calc" */;
			buildPhases = (
				6DC5841F28C87FC6007680E4 /* Sources */,
				6DC5842028C87FC6007680E4 /* Frameworks */,
				6DC5842128C87FC6007680E4 /* Resources */,
			);
			buildRules = (
			);
			dependencies = (
			);
			name = "yt-calc";
			productName = "yt-calc";
			productReference = 6DC5842328C87FC6007680E4 /* yt-calc.app */;
			productType = "com.apple.product-type.application";
		};
/* End PBXNativeTarget section */

/* Begin PBXProject section */
		6DC5841B28C87FC6007680E4 /* Project object */ = {
			isa = PBXProject;
			attributes = {
				BuildIndependentTargetsInParallel = 1;
				LastSwiftUpdateCheck = 1340;
				LastUpgradeCheck = 1340;
				TargetAttributes = {
					6DC5842228C87FC6007680E4 = {
						CreatedOnToolsVersion = 13.4.1;
					};
				};
			};
			buildConfigurationList = 6DC5841E28C87FC6007680E4 /* Build configuration list for PBXProject "yt-calc" */;
			compatibilityVersion = "Xcode 13.0";
			developmentRegion = en;
			hasScannedForEncodings = 0;
			knownRegions = (
				en,
				Base,
			);
			mainGroup = 6DC5841A28C87FC6007680E4;
			productRefGroup = 6DC5842428C87FC6007680E4 /* Products */;
			projectDirPath = "";
			projectRoot = "";
			targets = (
				6DC5842228C87FC6007680E4 /* yt-calc */,
			);
		};
/* End PBXProject section */

/* Begin PBXResourcesBuildPhase section */
		6DC5842128C87FC6007680E4 /* Resources */ = {
			isa = PBXResourcesBuildPhase;
			buildActionMask = 2147483647;
			files = (
				6DC5843328C87FC9007680E4 /* LaunchScreen.storyboard in Resources */,
				6DC5843028C87FC9007680E4 /* Assets.xcassets in Resources */,
			);
			runOnlyForDeploymentPostprocessing = 0;
		};
/* End PBXResourcesBuildPhase section */

/* Begin PBXSourcesBuildPhase section */
		6DC5841F28C87FC6007680E4 /* Sources */ = {
			isa = PBXSourcesBuildPhase;
			buildActionMask = 2147483647;
			files = (
				6DC5844028C882C3007680E4 /* CalcService.swift in Sources */,
				6DC5842B28C87FC6007680E4 /* ViewController.swift in Sources */,
				6DC5842728C87FC6007680E4 /* AppDelegate.swift in Sources */,
				6DC5842928C87FC6007680E4 /* SceneDelegate.swift in Sources */,
				6DC5844628C8A523007680E4 /* AppColors.swift in Sources */,
				6DC5844228C88325007680E4 /* Operations.swift in Sources */,
				6DC5844428C88620007680E4 /* Constants.swift in Sources */,
			);
			runOnlyForDeploymentPostprocessing = 0;
		};
/* End PBXSourcesBuildPhase section */

/* Begin PBXVariantGroup section */
		6DC5843128C87FC9007680E4 /* LaunchScreen.storyboard */ = {
			isa = PBXVariantGroup;
			children = (
				6DC5843228C87FC9007680E4 /* Base */,
			);
			name = LaunchScreen.storyboard;
			sourceTree = "<group>";
		};
/* End PBXVariantGroup section */

/* Begin XCBuildConfiguration section */
		6DC5843528C87FC9007680E4 /* Debug */ = {
			isa = XCBuildConfiguration;
			buildSettings = {
				ALWAYS_SEARCH_USER_PATHS = NO;
				CLANG_ANALYZER_NONNULL = YES;
				CLANG_ANALYZER_NUMBER_OBJECT_CONVERSION = YES_AGGRESSIVE;
				CLANG_CXX_LANGUAGE_STANDARD = "gnu++17";
				CLANG_ENABLE_MODULES = YES;
				CLANG_ENABLE_OBJC_ARC = YES;
				CLANG_ENABLE_OBJC_WEAK = YES;
				CLANG_WARN_BLOCK_CAPTURE_AUTORELEASING = YES;
				CLANG_WARN_BOOL_CONVERSION = YES;
				CLANG_WARN_COMMA = YES;
				CLANG_WARN_CONSTANT_CONVERSION = YES;
				CLANG_WARN_DEPRECATED_OBJC_IMPLEMENTATIONS = YES;
				CLANG_WARN_DIRECT_OBJC_ISA_USAGE = YES_ERROR;
				CLANG_WARN_DOCUMENTATION_COMMENTS = YES;
				CLANG_WARN_EMPTY_BODY = YES;
				CLANG_WARN_ENUM_CONVERSION = YES;
				CLANG_WARN_INFINITE_RECURSION = YES;
				CLANG_WARN_INT_CONVERSION = YES;
				CLANG_WARN_NON_LITERAL_NULL_CONVERSION = YES;
				CLANG_WARN_OBJC_IMPLICIT_RETAIN_SELF = YES;
				CLANG_WARN_OBJC_LITERAL_CONVERSION = YES;
				CLANG_WARN_OBJC_ROOT_CLASS = YES_ERROR;
				CLANG_WARN_QUOTED_INCLUDE_IN_FRAMEWORK_HEADER = YES;
				CLANG_WARN_RANGE_LOOP_ANALYSIS = YES;
				CLANG_WARN_STRICT_PROTOTYPES = YES;
				CLANG_WARN_SUSPICIOUS_MOVE = YES;
				CLANG_WARN_UNGUARDED_AVAILABILITY = YES_AGGRESSIVE;
				CLANG_WARN_UNREACHABLE_CODE = YES;
				CLANG_WARN__DUPLICATE_METHOD_MATCH = YES;
				COPY_PHASE_STRIP = NO;
				DEBUG_INFORMATION_FORMAT = dwarf;
				ENABLE_STRICT_OBJC_MSGSEND = YES;
				ENABLE_TESTABILITY = YES;
				GCC_C_LANGUAGE_STANDARD = gnu11;
				GCC_DYNAMIC_NO_PIC = NO;
				GCC_NO_COMMON_BLOCKS = YES;
				GCC_OPTIMIZATION_LEVEL = 0;
				GCC_PREPROCESSOR_DEFINITIONS = (
					"DEBUG=1",
					"$(inherited)",
				);
				GCC_WARN_64_TO_32_BIT_CONVERSION = YES;
				GCC_WARN_ABOUT_RETURN_TYPE = YES_ERROR;
				GCC_WARN_UNDECLARED_SELECTOR = YES;
				GCC_WARN_UNINITIALIZED_AUTOS = YES_AGGRESSIVE;
				GCC_WARN_UNUSED_FUNCTION = YES;
				GCC_WARN_UNUSED_VARIABLE = YES;
				IPHONEOS_DEPLOYMENT_TARGET = 15.5;
				MTL_ENABLE_DEBUG_INFO = INCLUDE_SOURCE;
				MTL_FAST_MATH = YES;
				ONLY_ACTIVE_ARCH = YES;
				SDKROOT = iphoneos;
				SWIFT_ACTIVE_COMPILATION_CONDITIONS = DEBUG;
				SWIFT_OPTIMIZATION_LEVEL = "-Onone";
			};
			name = Debug;
		};
		6DC5843628C87FC9007680E4 /* Release */ = {
			isa = XCBuildConfiguration;
			buildSettings = {
				ALWAYS_SEARCH_USER_PATHS = NO;
				CLANG_ANALYZER_NONNULL = YES;
				CLANG_ANALYZER_NUMBER_OBJECT_CONVERSION = YES_AGGRESSIVE;
				CLANG_CXX_LANGUAGE_STANDARD = "gnu++17";
				CLANG_ENABLE_MODULES = YES;
				CLANG_ENABLE_OBJC_ARC = YES;
				CLANG_ENABLE_OBJC_WEAK = YES;
				CLANG_WARN_BLOCK_CAPTURE_AUTORELEASING = YES;
				CLANG_WARN_BOOL_CONVERSION = YES;
				CLANG_WARN_COMMA = YES;
				CLANG_WARN_CONSTANT_CONVERSION = YES;
				CLANG_WARN_DEPRECATED_OBJC_IMPLEMENTATIONS = YES;
				CLANG_WARN_DIRECT_OBJC_ISA_USAGE = YES_ERROR;
				CLANG_WARN_DOCUMENTATION_COMMENTS = YES;
				CLANG_WARN_EMPTY_BODY = YES;
				CLANG_WARN_ENUM_CONVERSION = YES;
				CLANG_WARN_INFINITE_RECURSION = YES;
				CLANG_WARN_INT_CONVERSION = YES;
				CLANG_WARN_NON_LITERAL_NULL_CONVERSION = YES;
				CLANG_WARN_OBJC_IMPLICIT_RETAIN_SELF = YES;
				CLANG_WARN_OBJC_LITERAL_CONVERSION = YES;
				CLANG_WARN_OBJC_ROOT_CLASS = YES_ERROR;
				CLANG_WARN_QUOTED_INCLUDE_IN_FRAMEWORK_HEADER = YES;
				CLANG_WARN_RANGE_LOOP_ANALYSIS = YES;
				CLANG_WARN_STRICT_PROTOTYPES = YES;
				CLANG_WARN_SUSPICIOUS_MOVE = YES;
				CLANG_WARN_UNGUARDED_AVAILABILITY = YES_AGGRESSIVE;
				CLANG_WARN_UNREACHABLE_CODE = YES;
				CLANG_WARN__DUPLICATE_METHOD_MATCH = YES;
				COPY_PHASE_STRIP = NO;
				DEBUG_INFORMATION_FORMAT = "dwarf-with-dsym";
				ENABLE_NS_ASSERTIONS = NO;
				ENABLE_STRICT_OBJC_MSGSEND = YES;
				GCC_C_LANGUAGE_STANDARD = gnu11;
				GCC_NO_COMMON_BLOCKS = YES;
				GCC_WARN_64_TO_32_BIT_CONVERSION = YES;
				GCC_WARN_ABOUT_RETURN_TYPE = YES_ERROR;
				GCC_WARN_UNDECLARED_SELECTOR = YES;
				GCC_WARN_UNINITIALIZED_AUTOS = YES_AGGRESSIVE;
				GCC_WARN_UNUSED_FUNCTION = YES;
				GCC_WARN_UNUSED_VARIABLE = YES;
				IPHONEOS_DEPLOYMENT_TARGET = 15.5;
				MTL_ENABLE_DEBUG_INFO = NO;
				MTL_FAST_MATH = YES;
				SDKROOT = iphoneos;
				SWIFT_COMPILATION_MODE = wholemodule;
				SWIFT_OPTIMIZATION_LEVEL = "-O";
				VALIDATE_PRODUCT = YES;
			};
			name = Release;
		};
		6DC5843828C87FC9007680E4 /* Debug */ = {
			isa = XCBuildConfiguration;
			buildSettings = {
				ASSETCATALOG_COMPILER_APPICON_NAME = AppIcon;
				ASSETCATALOG_COMPILER_GLOBAL_ACCENT_COLOR_NAME = AccentColor;
				CODE_SIGN_STYLE = Automatic;
				CURRENT_PROJECT_VERSION = 1;
				DEVELOPMENT_TEAM = 65DRR277K2;
				GENERATE_INFOPLIST_FILE = YES;
				INFOPLIST_FILE = "yt-calc/Info.plist";
				INFOPLIST_KEY_UIApplicationSupportsIndirectInputEvents = YES;
				INFOPLIST_KEY_UILaunchStoryboardName = LaunchScreen;
				INFOPLIST_KEY_UISupportedInterfaceOrientations_iPad = "UIInterfaceOrientationPortrait UIInterfaceOrientationPortraitUpsideDown UIInterfaceOrientationLandscapeLeft UIInterfaceOrientationLandscapeRight";
				INFOPLIST_KEY_UISupportedInterfaceOrientations_iPhone = "UIInterfaceOrientationPortrait UIInterfaceOrientationLandscapeLeft UIInterfaceOrientationLandscapeRight";
				LD_RUNPATH_SEARCH_PATHS = (
					"$(inherited)",
					"@executable_path/Frameworks",
				);
				MARKETING_VERSION = 1.0;
				PRODUCT_BUNDLE_IDENTIFIER = "yt.yt-calc";
				PRODUCT_NAME = "$(TARGET_NAME)";
				SWIFT_EMIT_LOC_STRINGS = YES;
				SWIFT_VERSION = 5.0;
				TARGETED_DEVICE_FAMILY = 1;
			};
			name = Debug;
		};
		6DC5843928C87FC9007680E4 /* Release */ = {
			isa = XCBuildConfiguration;
			buildSettings = {
				ASSETCATALOG_COMPILER_APPICON_NAME = AppIcon;
				ASSETCATALOG_COMPILER_GLOBAL_ACCENT_COLOR_NAME = AccentColor;
				CODE_SIGN_STYLE = Automatic;
				CURRENT_PROJECT_VERSION = 1;
				DEVELOPMENT_TEAM = 65DRR277K2;
				GENERATE_INFOPLIST_FILE = YES;
				INFOPLIST_FILE = "yt-calc/Info.plist";
				INFOPLIST_KEY_UIApplicationSupportsIndirectInputEvents = YES;
				INFOPLIST_KEY_UILaunchStoryboardName = LaunchScreen;
				INFOPLIST_KEY_UISupportedInterfaceOrientations_iPad = "UIInterfaceOrientationPortrait UIInterfaceOrientationPortraitUpsideDown UIInterfaceOrientationLandscapeLeft UIInterfaceOrientationLandscapeRight";
				INFOPLIST_KEY_UISupportedInterfaceOrientations_iPhone = "UIInterfaceOrientationPortrait UIInterfaceOrientationLandscapeLeft UIInterfaceOrientationLandscapeRight";
				LD_RUNPATH_SEARCH_PATHS = (
					"$(inherited)",
					"@executable_path/Frameworks",
				);
				MARKETING_VERSION = 1.0;
				PRODUCT_BUNDLE_IDENTIFIER = "yt.yt-calc";
				PRODUCT_NAME = "$(TARGET_NAME)";
				SWIFT_EMIT_LOC_STRINGS = YES;
				SWIFT_VERSION = 5.0;
				TARGETED_DEVICE_FAMILY = 1;
			};
			name = Release;
		};
/* End XCBuildConfiguration section */

/* Begin XCConfigurationList section */
		6DC5841E28C87FC6007680E4 /* Build configuration list for PBXProject "yt-calc" */ = {
			isa = XCConfigurationList;
			buildConfigurations = (
				6DC5843528C87FC9007680E4 /* Debug */,
				6DC5843628C87FC9007680E4 /* Release */,
			);
			defaultConfigurationIsVisible = 0;
			defaultConfigurationName = Release;
		};
		6DC5843728C87FC9007680E4 /* Build configuration list for PBXNativeTarget "yt-calc" */ = {
			isa = XCConfigurationList;
			buildConfigurations = (
				6DC5843828C87FC9007680E4 /* Debug */,
				6DC5843928C87FC9007680E4 /* Release */,
			);
			defaultConfigurationIsVisible = 0;
			defaultConfigurationName = Release;
		};
/* End XCConfigurationList section */
	};
	rootObject = 6DC5841B28C87FC6007680E4 /* Project object */;
}
